github.com/ericpauley/go-quantize v0.0.0-20200331213906-ae555eb2afa4 h1:BBade+JlV/f7JstZ4pitd4tHhpN+w+6I+LyOS7B4fyU=
github.com/ericpauley/go-quantize v0.0.0-20200331213906-ae555eb2afa4/go.mod h1:H7chHJglrhPPzetLdzBleF8d22WYOv7UM/lEKYiwlKM=
github.com/maruel/natural v1.1.1 h1:Hja7XhhmvEFhcByqDoHz9QZbkWey+COd9xWfCfn1ioo=
github.com/maruel/natural v1.1.1/go.mod h1:v+Rfd79xlw1AgVBjbO0BEQmptqb5HvL/k9GRHB7ZKEg=
golang.org/x/image v0.31.0 h1:mLChjE2MV6g1S7oqbXC0/UcKijjm5fnJLUYKIYrLESA=
golang.org/x/image v0.31.0/go.mod h1:R9ec5Lcp96v9FTF+ajwaH3uGxPH4fKfHHAVbUILxghA=
